# THIS IS AN AUTOGENERATED FILE. DO NOT EDIT THIS FILE DIRECTLY.
# yarn lockfile v1


"@octokit/auth-token@^5.0.0":
  version "5.0.1"
  resolved "https://registry.yarnpkg.com/@octokit/auth-token/-/auth-token-5.0.1.tgz#1b882a54587d9e58b7aebb5ae5b9a08522c822f0"
  integrity sha512-RTmWsLfig8SBoiSdgvCht4BXl1CHU89Co5xiQ5JF19my/sIRDFCQ1RPrmK0exgqUZuNm39C/bV8+/83+MJEjGg==

"@octokit/core@^6.0.1":
  version "6.0.1"
  resolved "https://registry.yarnpkg.com/@octokit/core/-/core-6.0.1.tgz#4213915398c8722cfd2f9c43bcf35dd99bc06ca8"
  integrity sha512-MIpPQXu8Y8GjHwXM81JLveiV+DHJZtLMcB5nKekBGOl3iAtk0HT3i12Xl8Biybu+bCS1+k4qbuKEq5d0RxNRnQ==
  dependencies:
    "@octokit/auth-token" "^5.0.0"
    "@octokit/graphql" "^8.0.0"
    "@octokit/request" "^9.0.0"
    "@octokit/request-error" "^6.0.1"
    "@octokit/types" "^12.0.0"
    before-after-hook "^3.0.2"
    universal-user-agent "^7.0.0"

"@octokit/endpoint@^10.0.0":
  version "10.0.0"
  resolved "https://registry.yarnpkg.com/@octokit/endpoint/-/endpoint-10.0.0.tgz#18519d9a296a581af54dac5d7d3dba1b2e8022c8"
  integrity sha512-emBcNDxBdC1y3+knJonS5zhUB/CG6TihubxM2U1/pG/Z1y3a4oV0Gzz3lmkCvWWQI6h3tqBAX9MgCBFp+M68Jw==
  dependencies:
    "@octokit/types" "^12.0.0"
    universal-user-agent "^7.0.2"

"@octokit/graphql@^8.0.0":
  version "8.0.1"
  resolved "https://registry.yarnpkg.com/@octokit/graphql/-/graphql-8.0.1.tgz#75d0778fb2fdeb0229d1861c3ba3b9ca7bcf4a37"
  integrity sha512-lLDb6LhC1gBj2CxEDa5Xk10+H/boonhs+3Mi6jpRyetskDKNHe6crMeKmUE2efoLofMP8ruannLlCUgpTFmVzQ==
  dependencies:
    "@octokit/request" "^9.0.0"
    "@octokit/types" "^12.0.0"
    universal-user-agent "^7.0.0"

"@octokit/openapi-types@^20.0.0":
  version "20.0.0"
  resolved "https://registry.yarnpkg.com/@octokit/openapi-types/-/openapi-types-20.0.0.tgz#9ec2daa0090eeb865ee147636e0c00f73790c6e5"
  integrity sha512-EtqRBEjp1dL/15V7WiX5LJMIxxkdiGJnabzYx5Apx4FkQIFgAfKumXeYAqqJCj1s+BMX4cPFIFC4OLCR6stlnA==

"@octokit/request-error@^6.0.1":
  version "6.0.2"
  resolved "https://registry.yarnpkg.com/@octokit/request-error/-/request-error-6.0.2.tgz#b8060d8b31d5f92b0a88ab01df5a097c771723b4"
  integrity sha512-WtRVpoHcNXs84+s9s/wqfHaxM68NGMg8Av7h59B50OVO0PwwMx+2GgQ/OliUd0iQBSNWgR6N8afi/KjSHbXHWw==
  dependencies:
    "@octokit/types" "^12.0.0"

"@octokit/request@^9.0.0":
  version "9.0.1"
  resolved "https://registry.yarnpkg.com/@octokit/request/-/request-9.0.1.tgz#628bc5b21243289b8e656dc43eb199d2a2ad1570"
  integrity sha512-kL+cAcbSl3dctYLuJmLfx6Iku2MXXy0jszhaEIjQNaCp4zjHXrhVAHeuaRdNvJjW9qjl3u1MJ72+OuBP0YW/pg==
  dependencies:
    "@octokit/endpoint" "^10.0.0"
    "@octokit/request-error" "^6.0.1"
    "@octokit/types" "^12.0.0"
    universal-user-agent "^7.0.2"

"@octokit/types@^12.0.0":
  version "12.6.0"
  resolved "https://registry.yarnpkg.com/@octokit/types/-/types-12.6.0.tgz#8100fb9eeedfe083aae66473bd97b15b62aedcb2"
  integrity sha512-1rhSOfRa6H9w4YwK0yrf5faDaDTb+yLyBUKOCV4xtCDB5VmIPqd/v9yr9o6SAzOAlRxMiRiCic6JVM1/kunVkw==
  dependencies:
    "@octokit/openapi-types" "^20.0.0"

before-after-hook@^3.0.2:
  version "3.0.2"
  resolved "https://registry.yarnpkg.com/before-after-hook/-/before-after-hook-3.0.2.tgz#d5665a5fa8b62294a5aa0a499f933f4a1016195d"
  integrity sha512-Nik3Sc0ncrMK4UUdXQmAnRtzmNQTAAXmXIopizwZ1W1t8QmfJj+zL4OA2I7XPTPW5z5TDqv4hRo/JzouDJnX3A==

dotenv@^16.4.5:
  version "16.4.5"
  resolved "https://registry.yarnpkg.com/dotenv/-/dotenv-16.4.5.tgz#cdd3b3b604cb327e286b4762e13502f717cb099f"
  integrity sha512-ZmdL2rui+eB2YwhsWzjInR8LldtZHGDoQ1ugH85ppHKwpUHL7j7rN0Ti9NCnGiQbhaZ11FpR+7ao1dNsmduNUg==

universal-user-agent@^7.0.0, universal-user-agent@^7.0.2:
  version "7.0.2"
  resolved "https://registry.yarnpkg.com/universal-user-agent/-/universal-user-agent-7.0.2.tgz#52e7d0e9b3dc4df06cc33cb2b9fd79041a54827e"
  integrity sha512-0JCqzSKnStlRRQfCdowvqy3cy0Dvtlb8xecj/H8JFZuCze4rwjPZQOgvFvn0Ws/usCHQFGpyr+pB9adaGwXn4Q==
